// !$*UTF8*$!
{
	archiveVersion = 1;
	classes = {
	};
	objectVersion = 46;
	objects = {

/* Begin PBXBuildFile section */
		64732D5316F46CE900C9BAEE /* UIKit.framework in Frameworks */ = {isa = PBXBuildFile; fileRef = 64732D5216F46CE900C9BAEE /* UIKit.framework */; };
		64732D5516F46CE900C9BAEE /* Foundation.framework in Frameworks */ = {isa = PBXBuildFile; fileRef = 64732D5416F46CE900C9BAEE /* Foundation.framework */; };
		64732D5716F46CE900C9BAEE /* CoreGraphics.framework in Frameworks */ = {isa = PBXBuildFile; fileRef = 64732D5616F46CE900C9BAEE /* CoreGraphics.framework */; };
		64732D5D16F46CE900C9BAEE /* InfoPlist.strings in Resources */ = {isa = PBXBuildFile; fileRef = 64732D5B16F46CE900C9BAEE /* InfoPlist.strings */; };
		64732D5F16F46CE900C9BAEE /* main.m in Sources */ = {isa = PBXBuildFile; fileRef = 64732D5E16F46CE900C9BAEE /* main.m */; };
		64732D6316F46CE900C9BAEE /* OTAppDelegate.m in Sources */ = {isa = PBXBuildFile; fileRef = 64732D6216F46CE900C9BAEE /* OTAppDelegate.m */; };
		64732D6516F46CE900C9BAEE /* Default.png in Resources */ = {isa = PBXBuildFile; fileRef = 64732D6416F46CE900C9BAEE /* Default.png */; };
		64732D6716F46CE900C9BAEE /* Default@2x.png in Resources */ = {isa = PBXBuildFile; fileRef = 64732D6616F46CE900C9BAEE /* Default@2x.png */; };
		64732D6916F46CE900C9BAEE /* Default-568h@2x.png in Resources */ = {isa = PBXBuildFile; fileRef = 64732D6816F46CE900C9BAEE /* Default-568h@2x.png */; };
		64732D6C16F46CE900C9BAEE /* OTViewController.m in Sources */ = {isa = PBXBuildFile; fileRef = 64732D6B16F46CE900C9BAEE /* OTViewController.m */; };
		64732D6F16F46CE900C9BAEE /* OTViewController.xib in Resources */ = {isa = PBXBuildFile; fileRef = 64732D6D16F46CE900C9BAEE /* OTViewController.xib */; };
/* End PBXBuildFile section */

/* Begin PBXFileReference section */
		64732D4F16F46CE900C9BAEE /* ObjC-Test.app */ = {isa = PBXFileReference; explicitFileType = wrapper.application; includeInIndex = 0; path = "ObjC-Test.app"; sourceTree = BUILT_PRODUCTS_DIR; };
		64732D5216F46CE900C9BAEE /* UIKit.framework */ = {isa = PBXFileReference; lastKnownFileType = wrapper.framework; name = UIKit.framework; path = System/Library/Frameworks/UIKit.framework; sourceTree = SDKROOT; };
		64732D5416F46CE900C9BAEE /* Foundation.framework */ = {isa = PBXFileReference; lastKnownFileType = wrapper.framework; name = Foundation.framework; path = System/Library/Frameworks/Foundation.framework; sourceTree = SDKROOT; };
		64732D5616F46CE900C9BAEE /* CoreGraphics.framework */ = {isa = PBXFileReference; lastKnownFileType = wrapper.framework; name = CoreGraphics.framework; path = System/Library/Frameworks/CoreGraphics.framework; sourceTree = SDKROOT; };
		64732D5A16F46CE900C9BAEE /* ObjC-Test-Info.plist */ = {isa = PBXFileReference; lastKnownFileType = text.plist.xml; path = "ObjC-Test-Info.plist"; sourceTree = "<group>"; };
		64732D5C16F46CE900C9BAEE /* en */ = {isa = PBXFileReference; lastKnownFileType = text.plist.strings; name = en; path = en.lproj/InfoPlist.strings; sourceTree = "<group>"; };
		64732D5E16F46CE900C9BAEE /* main.m */ = {isa = PBXFileReference; lastKnownFileType = sourcecode.c.objc; path = main.m; sourceTree = "<group>"; };
		64732D6016F46CE900C9BAEE /* ObjC-Test-Prefix.pch */ = {isa = PBXFileReference; lastKnownFileType = sourcecode.c.h; path = "ObjC-Test-Prefix.pch"; sourceTree = "<group>"; };
		64732D6116F46CE900C9BAEE /* OTAppDelegate.h */ = {isa = PBXFileReference; lastKnownFileType = sourcecode.c.h; path = OTAppDelegate.h; sourceTree = "<group>"; };
		64732D6216F46CE900C9BAEE /* OTAppDelegate.m */ = {isa = PBXFileReference; lastKnownFileType = sourcecode.c.objc; path = OTAppDelegate.m; sourceTree = "<group>"; };
		64732D6416F46CE900C9BAEE /* Default.png */ = {isa = PBXFileReference; lastKnownFileType = image.png; path = Default.png; sourceTree = "<group>"; };
		64732D6616F46CE900C9BAEE /* Default@2x.png */ = {isa = PBXFileReference; lastKnownFileType = image.png; path = "Default@2x.png"; sourceTree = "<group>"; };
		64732D6816F46CE900C9BAEE /* Default-568h@2x.png */ = {isa = PBXFileReference; lastKnownFileType = image.png; path = "Default-568h@2x.png"; sourceTree = "<group>"; };
		64732D6A16F46CE900C9BAEE /* OTViewController.h */ = {isa = PBXFileReference; lastKnownFileType = sourcecode.c.h; path = OTViewController.h; sourceTree = "<group>"; };
		64732D6B16F46CE900C9BAEE /* OTViewController.m */ = {isa = PBXFileReference; lastKnownFileType = sourcecode.c.objc; path = OTViewController.m; sourceTree = "<group>"; };
		64732D6E16F46CE900C9BAEE /* en */ = {isa = PBXFileReference; lastKnownFileType = file.xib; name = en; path = en.lproj/OTViewController.xib; sourceTree = "<group>"; };
/* End PBXFileReference section */

/* Begin PBXFrameworksBuildPhase section */
		64732D4C16F46CE900C9BAEE /* Frameworks */ = {
			isa = PBXFrameworksBuildPhase;
			buildActionMask = 2147483647;
			files = (
				64732D5316F46CE900C9BAEE /* UIKit.framework in Frameworks */,
				64732D5516F46CE900C9BAEE /* Foundation.framework in Frameworks */,
				64732D5716F46CE900C9BAEE /* CoreGraphics.framework in Frameworks */,
			);
			runOnlyForDeploymentPostprocessing = 0;
		};
/* End PBXFrameworksBuildPhase section */

/* Begin PBXGroup section */
		64732D4616F46CE900C9BAEE = {
			isa = PBXGroup;
			children = (
				64732D5816F46CE900C9BAEE /* ObjC-Test */,
				64732D5116F46CE900C9BAEE /* Frameworks */,
				64732D5016F46CE900C9BAEE /* Products */,
			);
			sourceTree = "<group>";
		};
		64732D5016F46CE900C9BAEE /* Products */ = {
			isa = PBXGroup;
			children = (
				64732D4F16F46CE900C9BAEE /* ObjC-Test.app */,
			);
			name = Products;
			sourceTree = "<group>";
		};
		64732D5116F46CE900C9BAEE /* Frameworks */ = {
			isa = PBXGroup;
			children = (
				64732D5216F46CE900C9BAEE /* UIKit.framework */,
				64732D5416F46CE900C9BAEE /* Foundation.framework */,
				64732D5616F46CE900C9BAEE /* CoreGraphics.framework */,
			);
			name = Frameworks;
			sourceTree = "<group>";
		};
		64732D5816F46CE900C9BAEE /* ObjC-Test */ = {
			isa = PBXGroup;
			children = (
				64732D6116F46CE900C9BAEE /* OTAppDelegate.h */,
				64732D6216F46CE900C9BAEE /* OTAppDelegate.m */,
				64732D6A16F46CE900C9BAEE /* OTViewController.h */,
				64732D6B16F46CE900C9BAEE /* OTViewController.m */,
				64732D6D16F46CE900C9BAEE /* OTViewController.xib */,
				64732D5916F46CE900C9BAEE /* Supporting Files */,
			);
			path = "ObjC-Test";
			sourceTree = "<group>";
		};
		64732D5916F46CE900C9BAEE /* Supporting Files */ = {
			isa = PBXGroup;
			children = (
				64732D5A16F46CE900C9BAEE /* ObjC-Test-Info.plist */,
				64732D5B16F46CE900C9BAEE /* InfoPlist.strings */,
				64732D5E16F46CE900C9BAEE /* main.m */,
				64732D6016F46CE900C9BAEE /* ObjC-Test-Prefix.pch */,
				64732D6416F46CE900C9BAEE /* Default.png */,
				64732D6616F46CE900C9BAEE /* Default@2x.png */,
				64732D6816F46CE900C9BAEE /* Default-568h@2x.png */,
			);
			name = "Supporting Files";
			sourceTree = "<group>";
		};
/* End PBXGroup section */

/* Begin PBXNativeTarget section */
		64732D4E16F46CE900C9BAEE /* ObjC-Test */ = {
			isa = PBXNativeTarget;
			buildConfigurationList = 64732D7216F46CE900C9BAEE /* Build configuration list for PBXNativeTarget "ObjC-Test" */;
			buildPhases = (
				64732D4B16F46CE900C9BAEE /* Sources */,
				64732D4C16F46CE900C9BAEE /* Frameworks */,
				64732D4D16F46CE900C9BAEE /* Resources */,
			);
			buildRules = (
			);
			dependencies = (
			);
			name = "ObjC-Test";
			productName = "ObjC-Test";
			productReference = 64732D4F16F46CE900C9BAEE /* ObjC-Test.app */;
			productType = "com.apple.product-type.application";
		};
/* End PBXNativeTarget section */

/* Begin PBXProject section */
		64732D4716F46CE900C9BAEE /* Project object */ = {
			isa = PBXProject;
			attributes = {
				CLASSPREFIX = OT;
				LastUpgradeCheck = 0460;
				ORGANIZATIONNAME = "Raphael Fleischlin";
			};
			buildConfigurationList = 64732D4A16F46CE900C9BAEE /* Build configuration list for PBXProject "ObjC-Test" */;
			compatibilityVersion = "Xcode 3.2";
			developmentRegion = English;
			hasScannedForEncodings = 0;
			knownRegions = (
				en,
			);
			mainGroup = 64732D4616F46CE900C9BAEE;
			productRefGroup = 64732D5016F46CE900C9BAEE /* Products */;
			projectDirPath = "";
			projectRoot = "";
			targets = (
				64732D4E16F46CE900C9BAEE /* ObjC-Test */,
			);
		};
/* End PBXProject section */

/* Begin PBXResourcesBuildPhase section */
		64732D4D16F46CE900C9BAEE /* Resources */ = {
			isa = PBXResourcesBuildPhase;
			buildActionMask = 2147483647;
			files = (
				64732D5D16F46CE900C9BAEE /* InfoPlist.strings in Resources */,
				64732D6516F46CE900C9BAEE /* Default.png in Resources */,
				64732D6716F46CE900C9BAEE /* Default@2x.png in Resources */,
				64732D6916F46CE900C9BAEE /* Default-568h@2x.png in Resources */,
				64732D6F16F46CE900C9BAEE /* OTViewController.xib in Resources */,
			);
			runOnlyForDeploymentPostprocessing = 0;
		};
/* End PBXResourcesBuildPhase section */

/* Begin PBXSourcesBuildPhase section */
		64732D4B16F46CE900C9BAEE /* Sources */ = {
			isa = PBXSourcesBuildPhase;
			buildActionMask = 2147483647;
			files = (
				64732D5F16F46CE900C9BAEE /* main.m in Sources */,
				64732D6316F46CE900C9BAEE /* OTAppDelegate.m in Sources */,
				64732D6C16F46CE900C9BAEE /* OTViewController.m in Sources */,
			);
			runOnlyForDeploymentPostprocessing = 0;
		};
/* End PBXSourcesBuildPhase section */

/* Begin PBXVariantGroup section */
		64732D5B16F46CE900C9BAEE /* InfoPlist.strings */ = {
			isa = PBXVariantGroup;
			children = (
				64732D5C16F46CE900C9BAEE /* en */,
			);
			name = InfoPlist.strings;
			sourceTree = "<group>";
		};
		64732D6D16F46CE900C9BAEE /* OTViewController.xib */ = {
			isa = PBXVariantGroup;
			children = (
				64732D6E16F46CE900C9BAEE /* en */,
			);
			name = OTViewController.xib;
			sourceTree = "<group>";
		};
/* End PBXVariantGroup section */

/* Begin XCBuildConfiguration section */
		64732D7016F46CE900C9BAEE /* Debug */ = {
			isa = XCBuildConfiguration;
			buildSettings = {
				ALWAYS_SEARCH_USER_PATHS = NO;
				CLANG_CXX_LANGUAGE_STANDARD = "gnu++0x";
				CLANG_CXX_LIBRARY = "libc++";
				CLANG_WARN_CONSTANT_CONVERSION = YES;
				CLANG_WARN_EMPTY_BODY = YES;
				CLANG_WARN_ENUM_CONVERSION = YES;
				CLANG_WARN_INT_CONVERSION = YES;
				CLANG_WARN__DUPLICATE_METHOD_MATCH = YES;
				"CODE_SIGN_IDENTITY[sdk=iphoneos*]" = "iPhone Developer";
				COPY_PHASE_STRIP = NO;
				GCC_C_LANGUAGE_STANDARD = gnu99;
				GCC_DYNAMIC_NO_PIC = NO;
				GCC_OPTIMIZATION_LEVEL = 0;
				GCC_PREPROCESSOR_DEFINITIONS = (
					"DEBUG=1",
					"$(inherited)",
				);
				GCC_SYMBOLS_PRIVATE_EXTERN = NO;
				GCC_WARN_ABOUT_RETURN_TYPE = YES;
				GCC_WARN_UNINITIALIZED_AUTOS = YES;
				GCC_WARN_UNUSED_VARIABLE = YES;
				IPHONEOS_DEPLOYMENT_TARGET = 6.1;
				ONLY_ACTIVE_ARCH = YES;
				SDKROOT = iphoneos;
			};
			name = Debug;
		};
		64732D7116F46CE900C9BAEE /* Release */ = {
			isa = XCBuildConfiguration;
			buildSettings = {
				ALWAYS_SEARCH_USER_PATHS = NO;
				CLANG_CXX_LANGUAGE_STANDARD = "gnu++0x";
				CLANG_CXX_LIBRARY = "libc++";
				CLANG_WARN_CONSTANT_CONVERSION = YES;
				CLANG_WARN_EMPTY_BODY = YES;
				CLANG_WARN_ENUM_CONVERSION = YES;
				CLANG_WARN_INT_CONVERSION = YES;
				CLANG_WARN__DUPLICATE_METHOD_MATCH = YES;
				"CODE_SIGN_IDENTITY[sdk=iphoneos*]" = "iPhone Developer";
				COPY_PHASE_STRIP = YES;
				GCC_C_LANGUAGE_STANDARD = gnu99;
				GCC_WARN_ABOUT_RETURN_TYPE = YES;
				GCC_WARN_UNINITIALIZED_AUTOS = YES;
				GCC_WARN_UNUSED_VARIABLE = YES;
				IPHONEOS_DEPLOYMENT_TARGET = 6.1;
				OTHER_CFLAGS = "-DNS_BLOCK_ASSERTIONS=1";
				SDKROOT = iphoneos;
				VALIDATE_PRODUCT = YES;
			};
			name = Release;
		};
		64732D7316F46CE900C9BAEE /* Debug */ = {
			isa = XCBuildConfiguration;
			buildSettings = {
				GCC_PRECOMPILE_PREFIX_HEADER = YES;
				GCC_PREFIX_HEADER = "ObjC-Test/ObjC-Test-Prefix.pch";
				INFOPLIST_FILE = "ObjC-Test/ObjC-Test-Info.plist";
				PRODUCT_NAME = "$(TARGET_NAME)";
				WRAPPER_EXTENSION = app;
			};
			name = Debug;
		};
		64732D7416F46CE900C9BAEE /* Release */ = {
			isa = XCBuildConfiguration;
			buildSettings = {
				GCC_PRECOMPILE_PREFIX_HEADER = YES;
				GCC_PREFIX_HEADER = "ObjC-Test/ObjC-Test-Prefix.pch";
				INFOPLIST_FILE = "ObjC-Test/ObjC-Test-Info.plist";
				PRODUCT_NAME = "$(TARGET_NAME)";
				WRAPPER_EXTENSION = app;
			};
			name = Release;
		};
/* End XCBuildConfiguration section */

/* Begin XCConfigurationList section */
		64732D4A16F46CE900C9BAEE /* Build configuration list for PBXProject "ObjC-Test" */ = {
			isa = XCConfigurationList;
			buildConfigurations = (
				64732D7016F46CE900C9BAEE /* Debug */,
				64732D7116F46CE900C9BAEE /* Release */,
			);
			defaultConfigurationIsVisible = 0;
			defaultConfigurationName = Release;
		};
		64732D7216F46CE900C9BAEE /* Build configuration list for PBXNativeTarget "ObjC-Test" */ = {
			isa = XCConfigurationList;
			buildConfigurations = (
				64732D7316F46CE900C9BAEE /* Debug */,
				64732D7416F46CE900C9BAEE /* Release */,
			);
			defaultConfigurationIsVisible = 0;
		};
/* End XCConfigurationList section */
	};
	rootObject = 64732D4716F46CE900C9BAEE /* Project object */;
}
