// !$*UTF8*$!
{
	archiveVersion = 1;
	classes = {
	};
	objectVersion = 46;
	objects = {

/* Begin PBXBuildFile section */
		6428C7F1170EE15A00A04041 /* UIKit.framework in Frameworks */ = {isa = PBXBuildFile; fileRef = 6428C7F0170EE15A00A04041 /* UIKit.framework */; };
		6428C7F3170EE15A00A04041 /* Foundation.framework in Frameworks */ = {isa = PBXBuildFile; fileRef = 6428C7F2170EE15A00A04041 /* Foundation.framework */; };
		6428C7F5170EE15A00A04041 /* CoreGraphics.framework in Frameworks */ = {isa = PBXBuildFile; fileRef = 6428C7F4170EE15A00A04041 /* CoreGraphics.framework */; };
		6428C7FB170EE15A00A04041 /* InfoPlist.strings in Resources */ = {isa = PBXBuildFile; fileRef = 6428C7F9170EE15A00A04041 /* InfoPlist.strings */; };
		6428C7FD170EE15A00A04041 /* main.m in Sources */ = {isa = PBXBuildFile; fileRef = 6428C7FC170EE15A00A04041 /* main.m */; };
		6428C801170EE15A00A04041 /* ELAppDelegate.m in Sources */ = {isa = PBXBuildFile; fileRef = 6428C800170EE15A00A04041 /* ELAppDelegate.m */; };
		6428C803170EE15A00A04041 /* Default.png in Resources */ = {isa = PBXBuildFile; fileRef = 6428C802170EE15A00A04041 /* Default.png */; };
		6428C805170EE15A00A04041 /* Default@2x.png in Resources */ = {isa = PBXBuildFile; fileRef = 6428C804170EE15A00A04041 /* Default@2x.png */; };
		6428C807170EE15A00A04041 /* Default-568h@2x.png in Resources */ = {isa = PBXBuildFile; fileRef = 6428C806170EE15A00A04041 /* Default-568h@2x.png */; };
		6428C80A170EE15A00A04041 /* ELMasterViewController.m in Sources */ = {isa = PBXBuildFile; fileRef = 6428C809170EE15A00A04041 /* ELMasterViewController.m */; };
		6428C80D170EE15A00A04041 /* ELDetailViewController.m in Sources */ = {isa = PBXBuildFile; fileRef = 6428C80C170EE15A00A04041 /* ELDetailViewController.m */; };
		6428C810170EE15A00A04041 /* ELMasterViewController.xib in Resources */ = {isa = PBXBuildFile; fileRef = 6428C80E170EE15A00A04041 /* ELMasterViewController.xib */; };
		6428C813170EE15A00A04041 /* ELDetailViewController.xib in Resources */ = {isa = PBXBuildFile; fileRef = 6428C811170EE15A00A04041 /* ELDetailViewController.xib */; };
		6428C81D170EE21900A04041 /* CMDataProvider.m in Sources */ = {isa = PBXBuildFile; fileRef = 6428C81A170EE21900A04041 /* CMDataProvider.m */; };
		6428C81E170EE21900A04041 /* CMPersonData.m in Sources */ = {isa = PBXBuildFile; fileRef = 6428C81C170EE21900A04041 /* CMPersonData.m */; };
		646BED5A170EF8D8008363C2 /* ELEditViewController.m in Sources */ = {isa = PBXBuildFile; fileRef = 646BED58170EF8D8008363C2 /* ELEditViewController.m */; };
		646BED5B170EF8D8008363C2 /* ELEditViewController.xib in Resources */ = {isa = PBXBuildFile; fileRef = 646BED59170EF8D8008363C2 /* ELEditViewController.xib */; };
/* End PBXBuildFile section */

/* Begin PBXFileReference section */
		6428C7ED170EE15A00A04041 /* EditList.app */ = {isa = PBXFileReference; explicitFileType = wrapper.application; includeInIndex = 0; path = EditList.app; sourceTree = BUILT_PRODUCTS_DIR; };
		6428C7F0170EE15A00A04041 /* UIKit.framework */ = {isa = PBXFileReference; lastKnownFileType = wrapper.framework; name = UIKit.framework; path = System/Library/Frameworks/UIKit.framework; sourceTree = SDKROOT; };
		6428C7F2170EE15A00A04041 /* Foundation.framework */ = {isa = PBXFileReference; lastKnownFileType = wrapper.framework; name = Foundation.framework; path = System/Library/Frameworks/Foundation.framework; sourceTree = SDKROOT; };
		6428C7F4170EE15A00A04041 /* CoreGraphics.framework */ = {isa = PBXFileReference; lastKnownFileType = wrapper.framework; name = CoreGraphics.framework; path = System/Library/Frameworks/CoreGraphics.framework; sourceTree = SDKROOT; };
		6428C7F8170EE15A00A04041 /* EditList-Info.plist */ = {isa = PBXFileReference; lastKnownFileType = text.plist.xml; path = "EditList-Info.plist"; sourceTree = "<group>"; };
		6428C7FA170EE15A00A04041 /* en */ = {isa = PBXFileReference; lastKnownFileType = text.plist.strings; name = en; path = en.lproj/InfoPlist.strings; sourceTree = "<group>"; };
		6428C7FC170EE15A00A04041 /* main.m */ = {isa = PBXFileReference; lastKnownFileType = sourcecode.c.objc; path = main.m; sourceTree = "<group>"; };
		6428C7FE170EE15A00A04041 /* EditList-Prefix.pch */ = {isa = PBXFileReference; lastKnownFileType = sourcecode.c.h; path = "EditList-Prefix.pch"; sourceTree = "<group>"; };
		6428C7FF170EE15A00A04041 /* ELAppDelegate.h */ = {isa = PBXFileReference; lastKnownFileType = sourcecode.c.h; path = ELAppDelegate.h; sourceTree = "<group>"; };
		6428C800170EE15A00A04041 /* ELAppDelegate.m */ = {isa = PBXFileReference; lastKnownFileType = sourcecode.c.objc; path = ELAppDelegate.m; sourceTree = "<group>"; };
		6428C802170EE15A00A04041 /* Default.png */ = {isa = PBXFileReference; lastKnownFileType = image.png; path = Default.png; sourceTree = "<group>"; };
		6428C804170EE15A00A04041 /* Default@2x.png */ = {isa = PBXFileReference; lastKnownFileType = image.png; path = "Default@2x.png"; sourceTree = "<group>"; };
		6428C806170EE15A00A04041 /* Default-568h@2x.png */ = {isa = PBXFileReference; lastKnownFileType = image.png; path = "Default-568h@2x.png"; sourceTree = "<group>"; };
		6428C808170EE15A00A04041 /* ELMasterViewController.h */ = {isa = PBXFileReference; lastKnownFileType = sourcecode.c.h; path = ELMasterViewController.h; sourceTree = "<group>"; };
		6428C809170EE15A00A04041 /* ELMasterViewController.m */ = {isa = PBXFileReference; lastKnownFileType = sourcecode.c.objc; path = ELMasterViewController.m; sourceTree = "<group>"; };
		6428C80B170EE15A00A04041 /* ELDetailViewController.h */ = {isa = PBXFileReference; lastKnownFileType = sourcecode.c.h; path = ELDetailViewController.h; sourceTree = "<group>"; };
		6428C80C170EE15A00A04041 /* ELDetailViewController.m */ = {isa = PBXFileReference; lastKnownFileType = sourcecode.c.objc; path = ELDetailViewController.m; sourceTree = "<group>"; };
		6428C80F170EE15A00A04041 /* en */ = {isa = PBXFileReference; lastKnownFileType = file.xib; name = en; path = en.lproj/ELMasterViewController.xib; sourceTree = "<group>"; };
		6428C812170EE15A00A04041 /* en */ = {isa = PBXFileReference; lastKnownFileType = file.xib; name = en; path = en.lproj/ELDetailViewController.xib; sourceTree = "<group>"; };
		6428C819170EE21900A04041 /* CMDataProvider.h */ = {isa = PBXFileReference; fileEncoding = 4; lastKnownFileType = sourcecode.c.h; path = CMDataProvider.h; sourceTree = "<group>"; };
		6428C81A170EE21900A04041 /* CMDataProvider.m */ = {isa = PBXFileReference; fileEncoding = 4; lastKnownFileType = sourcecode.c.objc; path = CMDataProvider.m; sourceTree = "<group>"; };
		6428C81B170EE21900A04041 /* CMPersonData.h */ = {isa = PBXFileReference; fileEncoding = 4; lastKnownFileType = sourcecode.c.h; path = CMPersonData.h; sourceTree = "<group>"; };
		6428C81C170EE21900A04041 /* CMPersonData.m */ = {isa = PBXFileReference; fileEncoding = 4; lastKnownFileType = sourcecode.c.objc; path = CMPersonData.m; sourceTree = "<group>"; };
		646BED57170EF8D8008363C2 /* ELEditViewController.h */ = {isa = PBXFileReference; fileEncoding = 4; lastKnownFileType = sourcecode.c.h; path = ELEditViewController.h; sourceTree = "<group>"; };
		646BED58170EF8D8008363C2 /* ELEditViewController.m */ = {isa = PBXFileReference; fileEncoding = 4; lastKnownFileType = sourcecode.c.objc; path = ELEditViewController.m; sourceTree = "<group>"; };
		646BED59170EF8D8008363C2 /* ELEditViewController.xib */ = {isa = PBXFileReference; fileEncoding = 4; lastKnownFileType = file.xib; path = ELEditViewController.xib; sourceTree = "<group>"; };
/* End PBXFileReference section */

/* Begin PBXFrameworksBuildPhase section */
		6428C7EA170EE15A00A04041 /* Frameworks */ = {
			isa = PBXFrameworksBuildPhase;
			buildActionMask = 2147483647;
			files = (
				6428C7F1170EE15A00A04041 /* UIKit.framework in Frameworks */,
				6428C7F3170EE15A00A04041 /* Foundation.framework in Frameworks */,
				6428C7F5170EE15A00A04041 /* CoreGraphics.framework in Frameworks */,
			);
			runOnlyForDeploymentPostprocessing = 0;
		};
/* End PBXFrameworksBuildPhase section */

/* Begin PBXGroup section */
		6428C7E4170EE15A00A04041 = {
			isa = PBXGroup;
			children = (
				6428C7F6170EE15A00A04041 /* EditList */,
				6428C7EF170EE15A00A04041 /* Frameworks */,
				6428C7EE170EE15A00A04041 /* Products */,
			);
			sourceTree = "<group>";
		};
		6428C7EE170EE15A00A04041 /* Products */ = {
			isa = PBXGroup;
			children = (
				6428C7ED170EE15A00A04041 /* EditList.app */,
			);
			name = Products;
			sourceTree = "<group>";
		};
		6428C7EF170EE15A00A04041 /* Frameworks */ = {
			isa = PBXGroup;
			children = (
				6428C7F0170EE15A00A04041 /* UIKit.framework */,
				6428C7F2170EE15A00A04041 /* Foundation.framework */,
				6428C7F4170EE15A00A04041 /* CoreGraphics.framework */,
			);
			name = Frameworks;
			sourceTree = "<group>";
		};
		6428C7F6170EE15A00A04041 /* EditList */ = {
			isa = PBXGroup;
			children = (
				6428C7FF170EE15A00A04041 /* ELAppDelegate.h */,
				6428C800170EE15A00A04041 /* ELAppDelegate.m */,
				6428C819170EE21900A04041 /* CMDataProvider.h */,
				6428C81A170EE21900A04041 /* CMDataProvider.m */,
				6428C81B170EE21900A04041 /* CMPersonData.h */,
				6428C81C170EE21900A04041 /* CMPersonData.m */,
				6428C808170EE15A00A04041 /* ELMasterViewController.h */,
				6428C809170EE15A00A04041 /* ELMasterViewController.m */,
				6428C80B170EE15A00A04041 /* ELDetailViewController.h */,
				6428C80C170EE15A00A04041 /* ELDetailViewController.m */,
				6428C80E170EE15A00A04041 /* ELMasterViewController.xib */,
				6428C811170EE15A00A04041 /* ELDetailViewController.xib */,
				646BED57170EF8D8008363C2 /* ELEditViewController.h */,
				646BED58170EF8D8008363C2 /* ELEditViewController.m */,
				646BED59170EF8D8008363C2 /* ELEditViewController.xib */,
				6428C7F7170EE15A00A04041 /* Supporting Files */,
			);
			path = EditList;
			sourceTree = "<group>";
		};
		6428C7F7170EE15A00A04041 /* Supporting Files */ = {
			isa = PBXGroup;
			children = (
				6428C7F8170EE15A00A04041 /* EditList-Info.plist */,
				6428C7F9170EE15A00A04041 /* InfoPlist.strings */,
				6428C7FC170EE15A00A04041 /* main.m */,
				6428C7FE170EE15A00A04041 /* EditList-Prefix.pch */,
				6428C802170EE15A00A04041 /* Default.png */,
				6428C804170EE15A00A04041 /* Default@2x.png */,
				6428C806170EE15A00A04041 /* Default-568h@2x.png */,
			);
			name = "Supporting Files";
			sourceTree = "<group>";
		};
/* End PBXGroup section */

/* Begin PBXNativeTarget section */
		6428C7EC170EE15A00A04041 /* EditList */ = {
			isa = PBXNativeTarget;
			buildConfigurationList = 6428C816170EE15A00A04041 /* Build configuration list for PBXNativeTarget "EditList" */;
			buildPhases = (
				6428C7E9170EE15A00A04041 /* Sources */,
				6428C7EA170EE15A00A04041 /* Frameworks */,
				6428C7EB170EE15A00A04041 /* Resources */,
			);
			buildRules = (
			);
			dependencies = (
			);
			name = EditList;
			productName = EditList;
			productReference = 6428C7ED170EE15A00A04041 /* EditList.app */;
			productType = "com.apple.product-type.application";
		};
/* End PBXNativeTarget section */

/* Begin PBXProject section */
		6428C7E5170EE15A00A04041 /* Project object */ = {
			isa = PBXProject;
			attributes = {
				CLASSPREFIX = EL;
				LastUpgradeCheck = 0460;
				ORGANIZATIONNAME = "Raphael Fleischlin";
			};
			buildConfigurationList = 6428C7E8170EE15A00A04041 /* Build configuration list for PBXProject "EditList" */;
			compatibilityVersion = "Xcode 3.2";
			developmentRegion = English;
			hasScannedForEncodings = 0;
			knownRegions = (
				en,
			);
			mainGroup = 6428C7E4170EE15A00A04041;
			productRefGroup = 6428C7EE170EE15A00A04041 /* Products */;
			projectDirPath = "";
			projectRoot = "";
			targets = (
				6428C7EC170EE15A00A04041 /* EditList */,
			);
		};
/* End PBXProject section */

/* Begin PBXResourcesBuildPhase section */
		6428C7EB170EE15A00A04041 /* Resources */ = {
			isa = PBXResourcesBuildPhase;
			buildActionMask = 2147483647;
			files = (
				6428C7FB170EE15A00A04041 /* InfoPlist.strings in Resources */,
				6428C803170EE15A00A04041 /* Default.png in Resources */,
				6428C805170EE15A00A04041 /* Default@2x.png in Resources */,
				6428C807170EE15A00A04041 /* Default-568h@2x.png in Resources */,
				6428C810170EE15A00A04041 /* ELMasterViewController.xib in Resources */,
				6428C813170EE15A00A04041 /* ELDetailViewController.xib in Resources */,
				646BED5B170EF8D8008363C2 /* ELEditViewController.xib in Resources */,
			);
			runOnlyForDeploymentPostprocessing = 0;
		};
/* End PBXResourcesBuildPhase section */

/* Begin PBXSourcesBuildPhase section */
		6428C7E9170EE15A00A04041 /* Sources */ = {
			isa = PBXSourcesBuildPhase;
			buildActionMask = 2147483647;
			files = (
				6428C7FD170EE15A00A04041 /* main.m in Sources */,
				6428C801170EE15A00A04041 /* ELAppDelegate.m in Sources */,
				6428C80A170EE15A00A04041 /* ELMasterViewController.m in Sources */,
				6428C80D170EE15A00A04041 /* ELDetailViewController.m in Sources */,
				6428C81D170EE21900A04041 /* CMDataProvider.m in Sources */,
				6428C81E170EE21900A04041 /* CMPersonData.m in Sources */,
				646BED5A170EF8D8008363C2 /* ELEditViewController.m in Sources */,
			);
			runOnlyForDeploymentPostprocessing = 0;
		};
/* End PBXSourcesBuildPhase section */

/* Begin PBXVariantGroup section */
		6428C7F9170EE15A00A04041 /* InfoPlist.strings */ = {
			isa = PBXVariantGroup;
			children = (
				6428C7FA170EE15A00A04041 /* en */,
			);
			name = InfoPlist.strings;
			sourceTree = "<group>";
		};
		6428C80E170EE15A00A04041 /* ELMasterViewController.xib */ = {
			isa = PBXVariantGroup;
			children = (
				6428C80F170EE15A00A04041 /* en */,
			);
			name = ELMasterViewController.xib;
			sourceTree = "<group>";
		};
		6428C811170EE15A00A04041 /* ELDetailViewController.xib */ = {
			isa = PBXVariantGroup;
			children = (
				6428C812170EE15A00A04041 /* en */,
			);
			name = ELDetailViewController.xib;
			sourceTree = "<group>";
		};
/* End PBXVariantGroup section */

/* Begin XCBuildConfiguration section */
		6428C814170EE15A00A04041 /* Debug */ = {
			isa = XCBuildConfiguration;
			buildSettings = {
				ALWAYS_SEARCH_USER_PATHS = NO;
				CLANG_CXX_LANGUAGE_STANDARD = "gnu++0x";
				CLANG_CXX_LIBRARY = "libc++";
				CLANG_ENABLE_OBJC_ARC = YES;
				CLANG_WARN_CONSTANT_CONVERSION = YES;
				CLANG_WARN_EMPTY_BODY = YES;
				CLANG_WARN_ENUM_CONVERSION = YES;
				CLANG_WARN_INT_CONVERSION = YES;
				CLANG_WARN__DUPLICATE_METHOD_MATCH = YES;
				"CODE_SIGN_IDENTITY[sdk=iphoneos*]" = "iPhone Developer";
				COPY_PHASE_STRIP = NO;
				GCC_C_LANGUAGE_STANDARD = gnu99;
				GCC_DYNAMIC_NO_PIC = NO;
				GCC_OPTIMIZATION_LEVEL = 0;
				GCC_PREPROCESSOR_DEFINITIONS = (
					"DEBUG=1",
					"$(inherited)",
				);
				GCC_SYMBOLS_PRIVATE_EXTERN = NO;
				GCC_WARN_ABOUT_RETURN_TYPE = YES;
				GCC_WARN_UNINITIALIZED_AUTOS = YES;
				GCC_WARN_UNUSED_VARIABLE = YES;
				IPHONEOS_DEPLOYMENT_TARGET = 6.1;
				ONLY_ACTIVE_ARCH = YES;
				SDKROOT = iphoneos;
			};
			name = Debug;
		};
		6428C815170EE15A00A04041 /* Release */ = {
			isa = XCBuildConfiguration;
			buildSettings = {
				ALWAYS_SEARCH_USER_PATHS = NO;
				CLANG_CXX_LANGUAGE_STANDARD = "gnu++0x";
				CLANG_CXX_LIBRARY = "libc++";
				CLANG_ENABLE_OBJC_ARC = YES;
				CLANG_WARN_CONSTANT_CONVERSION = YES;
				CLANG_WARN_EMPTY_BODY = YES;
				CLANG_WARN_ENUM_CONVERSION = YES;
				CLANG_WARN_INT_CONVERSION = YES;
				CLANG_WARN__DUPLICATE_METHOD_MATCH = YES;
				"CODE_SIGN_IDENTITY[sdk=iphoneos*]" = "iPhone Developer";
				COPY_PHASE_STRIP = YES;
				GCC_C_LANGUAGE_STANDARD = gnu99;
				GCC_WARN_ABOUT_RETURN_TYPE = YES;
				GCC_WARN_UNINITIALIZED_AUTOS = YES;
				GCC_WARN_UNUSED_VARIABLE = YES;
				IPHONEOS_DEPLOYMENT_TARGET = 6.1;
				OTHER_CFLAGS = "-DNS_BLOCK_ASSERTIONS=1";
				SDKROOT = iphoneos;
				VALIDATE_PRODUCT = YES;
			};
			name = Release;
		};
		6428C817170EE15A00A04041 /* Debug */ = {
			isa = XCBuildConfiguration;
			buildSettings = {
				GCC_PRECOMPILE_PREFIX_HEADER = YES;
				GCC_PREFIX_HEADER = "EditList/EditList-Prefix.pch";
				INFOPLIST_FILE = "EditList/EditList-Info.plist";
				PRODUCT_NAME = "$(TARGET_NAME)";
				WRAPPER_EXTENSION = app;
			};
			name = Debug;
		};
		6428C818170EE15A00A04041 /* Release */ = {
			isa = XCBuildConfiguration;
			buildSettings = {
				GCC_PRECOMPILE_PREFIX_HEADER = YES;
				GCC_PREFIX_HEADER = "EditList/EditList-Prefix.pch";
				INFOPLIST_FILE = "EditList/EditList-Info.plist";
				PRODUCT_NAME = "$(TARGET_NAME)";
				WRAPPER_EXTENSION = app;
			};
			name = Release;
		};
/* End XCBuildConfiguration section */

/* Begin XCConfigurationList section */
		6428C7E8170EE15A00A04041 /* Build configuration list for PBXProject "EditList" */ = {
			isa = XCConfigurationList;
			buildConfigurations = (
				6428C814170EE15A00A04041 /* Debug */,
				6428C815170EE15A00A04041 /* Release */,
			);
			defaultConfigurationIsVisible = 0;
			defaultConfigurationName = Release;
		};
		6428C816170EE15A00A04041 /* Build configuration list for PBXNativeTarget "EditList" */ = {
			isa = XCConfigurationList;
			buildConfigurations = (
				6428C817170EE15A00A04041 /* Debug */,
				6428C818170EE15A00A04041 /* Release */,
			);
			defaultConfigurationIsVisible = 0;
			defaultConfigurationName = Release;
		};
/* End XCConfigurationList section */
	};
	rootObject = 6428C7E5170EE15A00A04041 /* Project object */;
}
